
Microsoft Visual Studio Solution File, Format Version 12.00
# Visual Studio Version 17
VisualStudioVersion = 17.5.002.0
MinimumVisualStudioVersion = 10.0.40219.1
Project("{2150E333-8FDC-42A3-9474-1A3956D46DE8}") = "csharp-prep", "csharp-prep", "{FF2CBDC8-C793-4A2D-AAC2-54352C4E1E2C}"
EndProject
Project("{9A19103F-16F7-4668-BE54-9A1E7A4F7556}") = "Prep1", "csharp-prep\Prep1\Prep1.csproj", "{140F1962-53A6-43F6-A11D-3F56DDC0AB03}"
EndProject
Project("{9A19103F-16F7-4668-BE54-9A1E7A4F7556}") = "Prep2", "csharp-prep\Prep2\Prep2.csproj", "{90C41044-B825-44BE-AC52-3A0431ACD26C}"
EndProject
Project("{9A19103F-16F7-4668-BE54-9A1E7A4F7556}") = "Prep3", "csharp-prep\Prep3\Prep3.csproj", "{184AD0F8-43A0-4F85-B8EB-7504B659DD23}"
EndProject
Project("{9A19103F-16F7-4668-BE54-9A1E7A4F7556}") = "Prep4", "csharp-prep\Prep4\Prep4.csproj", "{13DBF4FA-3329-4262-BC16-B69C21A8D9EE}"
EndProject
Project("{9A19103F-16F7-4668-BE54-9A1E7A4F7556}") = "Prep5", "csharp-prep\Prep5\Prep5.csproj", "{677401BB-1DDA-4A0B-BEE0-A45841BBD3D8}"
EndProject
Project("{2150E333-8FDC-42A3-9474-1A3956D46DE8}") = "final", "final", "{E69D9E0D-F34D-4701-8BD9-4CD5E1BD1CA4}"
EndProject
Project("{9A19103F-16F7-4668-BE54-9A1E7A4F7556}") = "FinalProject", "final\FinalProject\FinalProject.csproj", "{A443BDB3-D39A-4C79-8453-BACE3435899C}"
EndProject
Project("{9A19103F-16F7-4668-BE54-9A1E7A4F7556}") = "Foundation1", "final\Foundation1\Foundation1.csproj", "{E20E0C4A-5254-4474-A5D8-ADAAF264A7B4}"
EndProject
Project("{9A19103F-16F7-4668-BE54-9A1E7A4F7556}") = "Foundation2", "final\Foundation2\Foundation2.csproj", "{B2455919-9285-45C5-A448-66E4281E53C5}"
EndProject
Project("{9A19103F-16F7-4668-BE54-9A1E7A4F7556}") = "Foundation3", "final\Foundation3\Foundation3.csproj", "{49F75C46-BFFA-4A43-A597-154BB24ED476}"
EndProject
Project("{9A19103F-16F7-4668-BE54-9A1E7A4F7556}") = "Foundation4", "final\Foundation4\Foundation4.csproj", "{BB07B246-69EC-4463-8D68-499AF69168A2}"
EndProject
Project("{2150E333-8FDC-42A3-9474-1A3956D46DE8}") = "prepare", "prepare", "{85C8C04D-3483-4C89-8A86-8F75E477BF38}"
EndProject
Project("{9A19103F-16F7-4668-BE54-9A1E7A4F7556}") = "Learning02", "prepare\Learning02\Learning02.csproj", "{9FB6B086-984D-4037-A68F-B2500D3B6827}"
EndProject
Project("{9A19103F-16F7-4668-BE54-9A1E7A4F7556}") = "Learning03", "prepare\Learning03\Learning03.csproj", "{1DAD2DC7-A71F-4D13-B18D-68E9F1648657}"
EndProject
Project("{9A19103F-16F7-4668-BE54-9A1E7A4F7556}") = "Learning04", "prepare\Learning04\Learning04.csproj", "{F6EF053F-06C9-4A2C-861E-62DA6D3911C6}"
EndProject
Project("{9A19103F-16F7-4668-BE54-9A1E7A4F7556}") = "Learning05", "prepare\Learning05\Learning05.csproj", "{0CE019A6-39DC-4D42-93F8-B1069B2A615E}"
EndProject
Project("{2150E333-8FDC-42A3-9474-1A3956D46DE8}") = "prove", "prove", "{5D433E04-0640-4C39-B5C2-B9BF7AEC714A}"
EndProject
Project("{9A19103F-16F7-4668-BE54-9A1E7A4F7556}") = "Develop02", "prove\Develop02\Develop02.csproj", "{9C2150AF-F2AF-4273-A551-3887175DF85F}"
EndProject
Project("{9A19103F-16F7-4668-BE54-9A1E7A4F7556}") = "Develop03", "prove\Develop03\Develop03.csproj", "{9D273984-100E-4AEE-9D9B-9FD4A6062037}"
EndProject
Project("{9A19103F-16F7-4668-BE54-9A1E7A4F7556}") = "Develop04", "prove\Develop04\Develop04.csproj", "{24502E9C-2C14-48AD-BEAE-2A4D594B661D}"
EndProject
Project("{9A19103F-16F7-4668-BE54-9A1E7A4F7556}") = "Develop05", "prove\Develop05\Develop05.csproj", "{7CE1D3B5-0E8B-4073-A024-603DD92951E5}"
EndProject
Project("{2150E333-8FDC-42A3-9474-1A3956D46DE8}") = "sandbox", "sandbox", "{76D6B7E6-DB57-4641-92EE-A481B494F2B9}"
EndProject
Project("{9A19103F-16F7-4668-BE54-9A1E7A4F7556}") = "Sandbox", "sandbox\Sandbox\Sandbox.csproj", "{4FEFD441-1F9E-4891-A227-1A7CB67D78B6}"
EndProject
Global
	GlobalSection(SolutionConfigurationPlatforms) = preSolution
		Debug|Any CPU = Debug|Any CPU
		Release|Any CPU = Release|Any CPU
	EndGlobalSection
	GlobalSection(ProjectConfigurationPlatforms) = postSolution
		{140F1962-53A6-43F6-A11D-3F56DDC0AB03}.Debug|Any CPU.ActiveCfg = Debug|Any CPU
		{140F1962-53A6-43F6-A11D-3F56DDC0AB03}.Debug|Any CPU.Build.0 = Debug|Any CPU
		{140F1962-53A6-43F6-A11D-3F56DDC0AB03}.Release|Any CPU.ActiveCfg = Release|Any CPU
		{140F1962-53A6-43F6-A11D-3F56DDC0AB03}.Release|Any CPU.Build.0 = Release|Any CPU
		{90C41044-B825-44BE-AC52-3A0431ACD26C}.Debug|Any CPU.ActiveCfg = Debug|Any CPU
		{90C41044-B825-44BE-AC52-3A0431ACD26C}.Debug|Any CPU.Build.0 = Debug|Any CPU
		{90C41044-B825-44BE-AC52-3A0431ACD26C}.Release|Any CPU.ActiveCfg = Release|Any CPU
		{90C41044-B825-44BE-AC52-3A0431ACD26C}.Release|Any CPU.Build.0 = Release|Any CPU
		{184AD0F8-43A0-4F85-B8EB-7504B659DD23}.Debug|Any CPU.ActiveCfg = Debug|Any CPU
		{184AD0F8-43A0-4F85-B8EB-7504B659DD23}.Debug|Any CPU.Build.0 = Debug|Any CPU
		{184AD0F8-43A0-4F85-B8EB-7504B659DD23}.Release|Any CPU.ActiveCfg = Release|Any CPU
		{184AD0F8-43A0-4F85-B8EB-7504B659DD23}.Release|Any CPU.Build.0 = Release|Any CPU
		{13DBF4FA-3329-4262-BC16-B69C21A8D9EE}.Debug|Any CPU.ActiveCfg = Debug|Any CPU
		{13DBF4FA-3329-4262-BC16-B69C21A8D9EE}.Debug|Any CPU.Build.0 = Debug|Any CPU
		{13DBF4FA-3329-4262-BC16-B69C21A8D9EE}.Release|Any CPU.ActiveCfg = Release|Any CPU
		{13DBF4FA-3329-4262-BC16-B69C21A8D9EE}.Release|Any CPU.Build.0 = Release|Any CPU
		{677401BB-1DDA-4A0B-BEE0-A45841BBD3D8}.Debug|Any CPU.ActiveCfg = Debug|Any CPU
		{677401BB-1DDA-4A0B-BEE0-A45841BBD3D8}.Debug|Any CPU.Build.0 = Debug|Any CPU
		{677401BB-1DDA-4A0B-BEE0-A45841BBD3D8}.Release|Any CPU.ActiveCfg = Release|Any CPU
		{677401BB-1DDA-4A0B-BEE0-A45841BBD3D8}.Release|Any CPU.Build.0 = Release|Any CPU
		{A443BDB3-D39A-4C79-8453-BACE3435899C}.Debug|Any CPU.ActiveCfg = Debug|Any CPU
		{A443BDB3-D39A-4C79-8453-BACE3435899C}.Debug|Any CPU.Build.0 = Debug|Any CPU
		{A443BDB3-D39A-4C79-8453-BACE3435899C}.Release|Any CPU.ActiveCfg = Release|Any CPU
		{A443BDB3-D39A-4C79-8453-BACE3435899C}.Release|Any CPU.Build.0 = Release|Any CPU
		{E20E0C4A-5254-4474-A5D8-ADAAF264A7B4}.Debug|Any CPU.ActiveCfg = Debug|Any CPU
		{E20E0C4A-5254-4474-A5D8-ADAAF264A7B4}.Debug|Any CPU.Build.0 = Debug|Any CPU
		{E20E0C4A-5254-4474-A5D8-ADAAF264A7B4}.Release|Any CPU.ActiveCfg = Release|Any CPU
		{E20E0C4A-5254-4474-A5D8-ADAAF264A7B4}.Release|Any CPU.Build.0 = Release|Any CPU
		{B2455919-9285-45C5-A448-66E4281E53C5}.Debug|Any CPU.ActiveCfg = Debug|Any CPU
		{B2455919-9285-45C5-A448-66E4281E53C5}.Debug|Any CPU.Build.0 = Debug|Any CPU
		{B2455919-9285-45C5-A448-66E4281E53C5}.Release|Any CPU.ActiveCfg = Release|Any CPU
		{B2455919-9285-45C5-A448-66E4281E53C5}.Release|Any CPU.Build.0 = Release|Any CPU
		{49F75C46-BFFA-4A43-A597-154BB24ED476}.Debug|Any CPU.ActiveCfg = Debug|Any CPU
		{49F75C46-BFFA-4A43-A597-154BB24ED476}.Debug|Any CPU.Build.0 = Debug|Any CPU
		{49F75C46-BFFA-4A43-A597-154BB24ED476}.Release|Any CPU.ActiveCfg = Release|Any CPU
		{49F75C46-BFFA-4A43-A597-154BB24ED476}.Release|Any CPU.Build.0 = Release|Any CPU
		{BB07B246-69EC-4463-8D68-499AF69168A2}.Debug|Any CPU.ActiveCfg = Debug|Any CPU
		{BB07B246-69EC-4463-8D68-499AF69168A2}.Debug|Any CPU.Build.0 = Debug|Any CPU
		{BB07B246-69EC-4463-8D68-499AF69168A2}.Release|Any CPU.ActiveCfg = Release|Any CPU
		{BB07B246-69EC-4463-8D68-499AF69168A2}.Release|Any CPU.Build.0 = Release|Any CPU
		{9FB6B086-984D-4037-A68F-B2500D3B6827}.Debug|Any CPU.ActiveCfg = Debug|Any CPU
		{9FB6B086-984D-4037-A68F-B2500D3B6827}.Debug|Any CPU.Build.0 = Debug|Any CPU
		{9FB6B086-984D-4037-A68F-B2500D3B6827}.Release|Any CPU.ActiveCfg = Release|Any CPU
		{9FB6B086-984D-4037-A68F-B2500D3B6827}.Release|Any CPU.Build.0 = Release|Any CPU
		{1DAD2DC7-A71F-4D13-B18D-68E9F1648657}.Debug|Any CPU.ActiveCfg = Debug|Any CPU
		{1DAD2DC7-A71F-4D13-B18D-68E9F1648657}.Debug|Any CPU.Build.0 = Debug|Any CPU
		{1DAD2DC7-A71F-4D13-B18D-68E9F1648657}.Release|Any CPU.ActiveCfg = Release|Any CPU
		{1DAD2DC7-A71F-4D13-B18D-68E9F1648657}.Release|Any CPU.Build.0 = Release|Any CPU
		{F6EF053F-06C9-4A2C-861E-62DA6D3911C6}.Debug|Any CPU.ActiveCfg = Debug|Any CPU
		{F6EF053F-06C9-4A2C-861E-62DA6D3911C6}.Debug|Any CPU.Build.0 = Debug|Any CPU
		{F6EF053F-06C9-4A2C-861E-62DA6D3911C6}.Release|Any CPU.ActiveCfg = Release|Any CPU
		{F6EF053F-06C9-4A2C-861E-62DA6D3911C6}.Release|Any CPU.Build.0 = Release|Any CPU
		{0CE019A6-39DC-4D42-93F8-B1069B2A615E}.Debug|Any CPU.ActiveCfg = Debug|Any CPU
		{0CE019A6-39DC-4D42-93F8-B1069B2A615E}.Debug|Any CPU.Build.0 = Debug|Any CPU
		{0CE019A6-39DC-4D42-93F8-B1069B2A615E}.Release|Any CPU.ActiveCfg = Release|Any CPU
		{0CE019A6-39DC-4D42-93F8-B1069B2A615E}.Release|Any CPU.Build.0 = Release|Any CPU
		{9C2150AF-F2AF-4273-A551-3887175DF85F}.Debug|Any CPU.ActiveCfg = Debug|Any CPU
		{9C2150AF-F2AF-4273-A551-3887175DF85F}.Debug|Any CPU.Build.0 = Debug|Any CPU
		{9C2150AF-F2AF-4273-A551-3887175DF85F}.Release|Any CPU.ActiveCfg = Release|Any CPU
		{9C2150AF-F2AF-4273-A551-3887175DF85F}.Release|Any CPU.Build.0 = Release|Any CPU
		{9D273984-100E-4AEE-9D9B-9FD4A6062037}.Debug|Any CPU.ActiveCfg = Debug|Any CPU
		{9D273984-100E-4AEE-9D9B-9FD4A6062037}.Debug|Any CPU.Build.0 = Debug|Any CPU
		{9D273984-100E-4AEE-9D9B-9FD4A6062037}.Release|Any CPU.ActiveCfg = Release|Any CPU
		{9D273984-100E-4AEE-9D9B-9FD4A6062037}.Release|Any CPU.Build.0 = Release|Any CPU
		{24502E9C-2C14-48AD-BEAE-2A4D594B661D}.Debug|Any CPU.ActiveCfg = Debug|Any CPU
		{24502E9C-2C14-48AD-BEAE-2A4D594B661D}.Debug|Any CPU.Build.0 = Debug|Any CPU
		{24502E9C-2C14-48AD-BEAE-2A4D594B661D}.Release|Any CPU.ActiveCfg = Release|Any CPU
		{24502E9C-2C14-48AD-BEAE-2A4D594B661D}.Release|Any CPU.Build.0 = Release|Any CPU
		{7CE1D3B5-0E8B-4073-A024-603DD92951E5}.Debug|Any CPU.ActiveCfg = Debug|Any CPU
		{7CE1D3B5-0E8B-4073-A024-603DD92951E5}.Debug|Any CPU.Build.0 = Debug|Any CPU
		{7CE1D3B5-0E8B-4073-A024-603DD92951E5}.Release|Any CPU.ActiveCfg = Release|Any CPU
		{7CE1D3B5-0E8B-4073-A024-603DD92951E5}.Release|Any CPU.Build.0 = Release|Any CPU
		{4FEFD441-1F9E-4891-A227-1A7CB67D78B6}.Debug|Any CPU.ActiveCfg = Debug|Any CPU
		{4FEFD441-1F9E-4891-A227-1A7CB67D78B6}.Debug|Any CPU.Build.0 = Debug|Any CPU
		{4FEFD441-1F9E-4891-A227-1A7CB67D78B6}.Release|Any CPU.ActiveCfg = Release|Any CPU
		{4FEFD441-1F9E-4891-A227-1A7CB67D78B6}.Release|Any CPU.Build.0 = Release|Any CPU
	EndGlobalSection
	GlobalSection(SolutionProperties) = preSolution
		HideSolutionNode = FALSE
	EndGlobalSection
	GlobalSection(NestedProjects) = preSolution
		{140F1962-53A6-43F6-A11D-3F56DDC0AB03} = {FF2CBDC8-C793-4A2D-AAC2-54352C4E1E2C}
		{90C41044-B825-44BE-AC52-3A0431ACD26C} = {FF2CBDC8-C793-4A2D-AAC2-54352C4E1E2C}
		{184AD0F8-43A0-4F85-B8EB-7504B659DD23} = {FF2CBDC8-C793-4A2D-AAC2-54352C4E1E2C}
		{13DBF4FA-3329-4262-BC16-B69C21A8D9EE} = {FF2CBDC8-C793-4A2D-AAC2-54352C4E1E2C}
		{677401BB-1DDA-4A0B-BEE0-A45841BBD3D8} = {FF2CBDC8-C793-4A2D-AAC2-54352C4E1E2C}
		{A443BDB3-D39A-4C79-8453-BACE3435899C} = {E69D9E0D-F34D-4701-8BD9-4CD5E1BD1CA4}
		{E20E0C4A-5254-4474-A5D8-ADAAF264A7B4} = {E69D9E0D-F34D-4701-8BD9-4CD5E1BD1CA4}
		{B2455919-9285-45C5-A448-66E4281E53C5} = {E69D9E0D-F34D-4701-8BD9-4CD5E1BD1CA4}
		{49F75C46-BFFA-4A43-A597-154BB24ED476} = {E69D9E0D-F34D-4701-8BD9-4CD5E1BD1CA4}
		{BB07B246-69EC-4463-8D68-499AF69168A2} = {E69D9E0D-F34D-4701-8BD9-4CD5E1BD1CA4}
		{9FB6B086-984D-4037-A68F-B2500D3B6827} = {85C8C04D-3483-4C89-8A86-8F75E477BF38}
		{1DAD2DC7-A71F-4D13-B18D-68E9F1648657} = {85C8C04D-3483-4C89-8A86-8F75E477BF38}
		{F6EF053F-06C9-4A2C-861E-62DA6D3911C6} = {85C8C04D-3483-4C89-8A86-8F75E477BF38}
		{0CE019A6-39DC-4D42-93F8-B1069B2A615E} = {85C8C04D-3483-4C89-8A86-8F75E477BF38}
		{9C2150AF-F2AF-4273-A551-3887175DF85F} = {5D433E04-0640-4C39-B5C2-B9BF7AEC714A}
		{9D273984-100E-4AEE-9D9B-9FD4A6062037} = {5D433E04-0640-4C39-B5C2-B9BF7AEC714A}
		{24502E9C-2C14-48AD-BEAE-2A4D594B661D} = {5D433E04-0640-4C39-B5C2-B9BF7AEC714A}
		{7CE1D3B5-0E8B-4073-A024-603DD92951E5} = {5D433E04-0640-4C39-B5C2-B9BF7AEC714A}
		{4FEFD441-1F9E-4891-A227-1A7CB67D78B6} = {76D6B7E6-DB57-4641-92EE-A481B494F2B9}
	EndGlobalSection
	GlobalSection(ExtensibilityGlobals) = postSolution
		SolutionGuid = {671C84EE-5CE4-4FC0-9E08-7902CE1275A0}
	EndGlobalSection
EndGlobal
